// !$*UTF8*$!
{
	archiveVersion = 1;
	classes = {
	};
	objectVersion = 56;
	objects = {

/* Begin PBXBuildFile section */
		87463F07292A1E130091485F /* AppDelegate.swift in Sources */ = {isa = PBXBuildFile; fileRef = 87463F06292A1E130091485F /* AppDelegate.swift */; };
		87463F09292A1E130091485F /* SceneDelegate.swift in Sources */ = {isa = PBXBuildFile; fileRef = 87463F08292A1E130091485F /* SceneDelegate.swift */; };
		87463F0B292A1E130091485F /* HomeViewController.swift in Sources */ = {isa = PBXBuildFile; fileRef = 87463F0A292A1E130091485F /* HomeViewController.swift */; };
		87463F0E292A1E130091485F /* Main.storyboard in Resources */ = {isa = PBXBuildFile; fileRef = 87463F0C292A1E130091485F /* Main.storyboard */; };
		87463F10292A1E140091485F /* Assets.xcassets in Resources */ = {isa = PBXBuildFile; fileRef = 87463F0F292A1E140091485F /* Assets.xcassets */; };
		87463F13292A1E140091485F /* LaunchScreen.storyboard in Resources */ = {isa = PBXBuildFile; fileRef = 87463F11292A1E140091485F /* LaunchScreen.storyboard */; };
		87463F1E292A1E140091485F /* MoviesDemoTests.swift in Sources */ = {isa = PBXBuildFile; fileRef = 87463F1D292A1E140091485F /* MoviesDemoTests.swift */; };
		87463F28292A1E140091485F /* MoviesDemoUITests.swift in Sources */ = {isa = PBXBuildFile; fileRef = 87463F27292A1E140091485F /* MoviesDemoUITests.swift */; };
		87463F2A292A1E140091485F /* MoviesDemoUITestsLaunchTests.swift in Sources */ = {isa = PBXBuildFile; fileRef = 87463F29292A1E140091485F /* MoviesDemoUITestsLaunchTests.swift */; };
		87463F37292A38A80091485F /* NetworkManager.swift in Sources */ = {isa = PBXBuildFile; fileRef = 87463F36292A38A80091485F /* NetworkManager.swift */; };
/* End PBXBuildFile section */

/* Begin PBXContainerItemProxy section */
		87463F1A292A1E140091485F /* PBXContainerItemProxy */ = {
			isa = PBXContainerItemProxy;
			containerPortal = 87463EFB292A1E130091485F /* Project object */;
			proxyType = 1;
			remoteGlobalIDString = 87463F02292A1E130091485F;
			remoteInfo = MoviesDemo;
		};
		87463F24292A1E140091485F /* PBXContainerItemProxy */ = {
			isa = PBXContainerItemProxy;
			containerPortal = 87463EFB292A1E130091485F /* Project object */;
			proxyType = 1;
			remoteGlobalIDString = 87463F02292A1E130091485F;
			remoteInfo = MoviesDemo;
		};
/* End PBXContainerItemProxy section */

/* Begin PBXFileReference section */
		87463F03292A1E130091485F /* MoviesDemo.app */ = {isa = PBXFileReference; explicitFileType = wrapper.application; includeInIndex = 0; path = MoviesDemo.app; sourceTree = BUILT_PRODUCTS_DIR; };
		87463F06292A1E130091485F /* AppDelegate.swift */ = {isa = PBXFileReference; lastKnownFileType = sourcecode.swift; path = AppDelegate.swift; sourceTree = "<group>"; };
		87463F08292A1E130091485F /* SceneDelegate.swift */ = {isa = PBXFileReference; lastKnownFileType = sourcecode.swift; path = SceneDelegate.swift; sourceTree = "<group>"; };
		87463F0A292A1E130091485F /* HomeViewController.swift */ = {isa = PBXFileReference; lastKnownFileType = sourcecode.swift; path = HomeViewController.swift; sourceTree = "<group>"; };
		87463F0D292A1E130091485F /* Base */ = {isa = PBXFileReference; lastKnownFileType = file.storyboard; name = Base; path = Base.lproj/Main.storyboard; sourceTree = "<group>"; };
		87463F0F292A1E140091485F /* Assets.xcassets */ = {isa = PBXFileReference; lastKnownFileType = folder.assetcatalog; path = Assets.xcassets; sourceTree = "<group>"; };
		87463F12292A1E140091485F /* Base */ = {isa = PBXFileReference; lastKnownFileType = file.storyboard; name = Base; path = Base.lproj/LaunchScreen.storyboard; sourceTree = "<group>"; };
		87463F14292A1E140091485F /* Info.plist */ = {isa = PBXFileReference; lastKnownFileType = text.plist.xml; path = Info.plist; sourceTree = "<group>"; };
		87463F19292A1E140091485F /* MoviesDemoTests.xctest */ = {isa = PBXFileReference; explicitFileType = wrapper.cfbundle; includeInIndex = 0; path = MoviesDemoTests.xctest; sourceTree = BUILT_PRODUCTS_DIR; };
		87463F1D292A1E140091485F /* MoviesDemoTests.swift */ = {isa = PBXFileReference; lastKnownFileType = sourcecode.swift; path = MoviesDemoTests.swift; sourceTree = "<group>"; };
		87463F23292A1E140091485F /* MoviesDemoUITests.xctest */ = {isa = PBXFileReference; explicitFileType = wrapper.cfbundle; includeInIndex = 0; path = MoviesDemoUITests.xctest; sourceTree = BUILT_PRODUCTS_DIR; };
		87463F27292A1E140091485F /* MoviesDemoUITests.swift */ = {isa = PBXFileReference; lastKnownFileType = sourcecode.swift; path = MoviesDemoUITests.swift; sourceTree = "<group>"; };
		87463F29292A1E140091485F /* MoviesDemoUITestsLaunchTests.swift */ = {isa = PBXFileReference; lastKnownFileType = sourcecode.swift; path = MoviesDemoUITestsLaunchTests.swift; sourceTree = "<group>"; };
		87463F36292A38A80091485F /* NetworkManager.swift */ = {isa = PBXFileReference; lastKnownFileType = sourcecode.swift; path = NetworkManager.swift; sourceTree = "<group>"; };
/* End PBXFileReference section */

/* Begin PBXFrameworksBuildPhase section */
		87463F00292A1E130091485F /* Frameworks */ = {
			isa = PBXFrameworksBuildPhase;
			buildActionMask = 2147483647;
			files = (
			);
			runOnlyForDeploymentPostprocessing = 0;
		};
		87463F16292A1E140091485F /* Frameworks */ = {
			isa = PBXFrameworksBuildPhase;
			buildActionMask = 2147483647;
			files = (
			);
			runOnlyForDeploymentPostprocessing = 0;
		};
		87463F20292A1E140091485F /* Frameworks */ = {
			isa = PBXFrameworksBuildPhase;
			buildActionMask = 2147483647;
			files = (
			);
			runOnlyForDeploymentPostprocessing = 0;
		};
/* End PBXFrameworksBuildPhase section */

/* Begin PBXGroup section */
		87463EFA292A1E130091485F = {
			isa = PBXGroup;
			children = (
				87463F05292A1E130091485F /* MoviesDemo */,
				87463F1C292A1E140091485F /* MoviesDemoTests */,
				87463F26292A1E140091485F /* MoviesDemoUITests */,
				87463F04292A1E130091485F /* Products */,
			);
			sourceTree = "<group>";
		};
		87463F04292A1E130091485F /* Products */ = {
			isa = PBXGroup;
			children = (
				87463F03292A1E130091485F /* MoviesDemo.app */,
				87463F19292A1E140091485F /* MoviesDemoTests.xctest */,
				87463F23292A1E140091485F /* MoviesDemoUITests.xctest */,
			);
			name = Products;
			sourceTree = "<group>";
		};
		87463F05292A1E130091485F /* MoviesDemo */ = {
			isa = PBXGroup;
			children = (
				87463F06292A1E130091485F /* AppDelegate.swift */,
				87463F08292A1E130091485F /* SceneDelegate.swift */,
				87463F0A292A1E130091485F /* HomeViewController.swift */,
				87463F0C292A1E130091485F /* Main.storyboard */,
				87463F0F292A1E140091485F /* Assets.xcassets */,
				87463F11292A1E140091485F /* LaunchScreen.storyboard */,
				87463F14292A1E140091485F /* Info.plist */,
				87463F38292A38B00091485F /* Networking */,
			);
			path = MoviesDemo;
			sourceTree = "<group>";
		};
		87463F1C292A1E140091485F /* MoviesDemoTests */ = {
			isa = PBXGroup;
			children = (
				87463F1D292A1E140091485F /* MoviesDemoTests.swift */,
			);
			path = MoviesDemoTests;
			sourceTree = "<group>";
		};
		87463F26292A1E140091485F /* MoviesDemoUITests */ = {
			isa = PBXGroup;
			children = (
				87463F27292A1E140091485F /* MoviesDemoUITests.swift */,
				87463F29292A1E140091485F /* MoviesDemoUITestsLaunchTests.swift */,
			);
			path = MoviesDemoUITests;
			sourceTree = "<group>";
		};
		87463F38292A38B00091485F /* Networking */ = {
			isa = PBXGroup;
			children = (
				87463F36292A38A80091485F /* NetworkManager.swift */,
			);
			path = Networking;
			sourceTree = "<group>";
		};
/* End PBXGroup section */

/* Begin PBXNativeTarget section */
		87463F02292A1E130091485F /* MoviesDemo */ = {
			isa = PBXNativeTarget;
			buildConfigurationList = 87463F2D292A1E140091485F /* Build configuration list for PBXNativeTarget "MoviesDemo" */;
			buildPhases = (
				87463EFF292A1E130091485F /* Sources */,
				87463F00292A1E130091485F /* Frameworks */,
				87463F01292A1E130091485F /* Resources */,
			);
			buildRules = (
			);
			dependencies = (
			);
			name = MoviesDemo;
			productName = MoviesDemo;
			productReference = 87463F03292A1E130091485F /* MoviesDemo.app */;
			productType = "com.apple.product-type.application";
		};
		87463F18292A1E140091485F /* MoviesDemoTests */ = {
			isa = PBXNativeTarget;
			buildConfigurationList = 87463F30292A1E140091485F /* Build configuration list for PBXNativeTarget "MoviesDemoTests" */;
			buildPhases = (
				87463F15292A1E140091485F /* Sources */,
				87463F16292A1E140091485F /* Frameworks */,
				87463F17292A1E140091485F /* Resources */,
			);
			buildRules = (
			);
			dependencies = (
				87463F1B292A1E140091485F /* PBXTargetDependency */,
			);
			name = MoviesDemoTests;
			productName = MoviesDemoTests;
			productReference = 87463F19292A1E140091485F /* MoviesDemoTests.xctest */;
			productType = "com.apple.product-type.bundle.unit-test";
		};
		87463F22292A1E140091485F /* MoviesDemoUITests */ = {
			isa = PBXNativeTarget;
			buildConfigurationList = 87463F33292A1E140091485F /* Build configuration list for PBXNativeTarget "MoviesDemoUITests" */;
			buildPhases = (
				87463F1F292A1E140091485F /* Sources */,
				87463F20292A1E140091485F /* Frameworks */,
				87463F21292A1E140091485F /* Resources */,
			);
			buildRules = (
			);
			dependencies = (
				87463F25292A1E140091485F /* PBXTargetDependency */,
			);
			name = MoviesDemoUITests;
			productName = MoviesDemoUITests;
			productReference = 87463F23292A1E140091485F /* MoviesDemoUITests.xctest */;
			productType = "com.apple.product-type.bundle.ui-testing";
		};
/* End PBXNativeTarget section */

/* Begin PBXProject section */
		87463EFB292A1E130091485F /* Project object */ = {
			isa = PBXProject;
			attributes = {
				BuildIndependentTargetsInParallel = 1;
				LastSwiftUpdateCheck = 1410;
				LastUpgradeCheck = 1410;
				TargetAttributes = {
					87463F02292A1E130091485F = {
						CreatedOnToolsVersion = 14.1;
					};
					87463F18292A1E140091485F = {
						CreatedOnToolsVersion = 14.1;
						TestTargetID = 87463F02292A1E130091485F;
					};
					87463F22292A1E140091485F = {
						CreatedOnToolsVersion = 14.1;
						TestTargetID = 87463F02292A1E130091485F;
					};
				};
			};
			buildConfigurationList = 87463EFE292A1E130091485F /* Build configuration list for PBXProject "MoviesDemo" */;
			compatibilityVersion = "Xcode 14.0";
			developmentRegion = en;
			hasScannedForEncodings = 0;
			knownRegions = (
				en,
				Base,
			);
			mainGroup = 87463EFA292A1E130091485F;
			productRefGroup = 87463F04292A1E130091485F /* Products */;
			projectDirPath = "";
			projectRoot = "";
			targets = (
				87463F02292A1E130091485F /* MoviesDemo */,
				87463F18292A1E140091485F /* MoviesDemoTests */,
				87463F22292A1E140091485F /* MoviesDemoUITests */,
			);
		};
/* End PBXProject section */

/* Begin PBXResourcesBuildPhase section */
		87463F01292A1E130091485F /* Resources */ = {
			isa = PBXResourcesBuildPhase;
			buildActionMask = 2147483647;
			files = (
				87463F13292A1E140091485F /* LaunchScreen.storyboard in Resources */,
				87463F10292A1E140091485F /* Assets.xcassets in Resources */,
				87463F0E292A1E130091485F /* Main.storyboard in Resources */,
			);
			runOnlyForDeploymentPostprocessing = 0;
		};
		87463F17292A1E140091485F /* Resources */ = {
			isa = PBXResourcesBuildPhase;
			buildActionMask = 2147483647;
			files = (
			);
			runOnlyForDeploymentPostprocessing = 0;
		};
		87463F21292A1E140091485F /* Resources */ = {
			isa = PBXResourcesBuildPhase;
			buildActionMask = 2147483647;
			files = (
			);
			runOnlyForDeploymentPostprocessing = 0;
		};
/* End PBXResourcesBuildPhase section */

/* Begin PBXSourcesBuildPhase section */
		87463EFF292A1E130091485F /* Sources */ = {
			isa = PBXSourcesBuildPhase;
			buildActionMask = 2147483647;
			files = (
				87463F37292A38A80091485F /* NetworkManager.swift in Sources */,
				87463F0B292A1E130091485F /* HomeViewController.swift in Sources */,
				87463F07292A1E130091485F /* AppDelegate.swift in Sources */,
				87463F09292A1E130091485F /* SceneDelegate.swift in Sources */,
			);
			runOnlyForDeploymentPostprocessing = 0;
		};
		87463F15292A1E140091485F /* Sources */ = {
			isa = PBXSourcesBuildPhase;
			buildActionMask = 2147483647;
			files = (
				87463F1E292A1E140091485F /* MoviesDemoTests.swift in Sources */,
			);
			runOnlyForDeploymentPostprocessing = 0;
		};
		87463F1F292A1E140091485F /* Sources */ = {
			isa = PBXSourcesBuildPhase;
			buildActionMask = 2147483647;
			files = (
				87463F2A292A1E140091485F /* MoviesDemoUITestsLaunchTests.swift in Sources */,
				87463F28292A1E140091485F /* MoviesDemoUITests.swift in Sources */,
			);
			runOnlyForDeploymentPostprocessing = 0;
		};
/* End PBXSourcesBuildPhase section */

/* Begin PBXTargetDependency section */
		87463F1B292A1E140091485F /* PBXTargetDependency */ = {
			isa = PBXTargetDependency;
			target = 87463F02292A1E130091485F /* MoviesDemo */;
			targetProxy = 87463F1A292A1E140091485F /* PBXContainerItemProxy */;
		};
		87463F25292A1E140091485F /* PBXTargetDependency */ = {
			isa = PBXTargetDependency;
			target = 87463F02292A1E130091485F /* MoviesDemo */;
			targetProxy = 87463F24292A1E140091485F /* PBXContainerItemProxy */;
		};
/* End PBXTargetDependency section */

/* Begin PBXVariantGroup section */
		87463F0C292A1E130091485F /* Main.storyboard */ = {
			isa = PBXVariantGroup;
			children = (
				87463F0D292A1E130091485F /* Base */,
			);
			name = Main.storyboard;
			sourceTree = "<group>";
		};
		87463F11292A1E140091485F /* LaunchScreen.storyboard */ = {
			isa = PBXVariantGroup;
			children = (
				87463F12292A1E140091485F /* Base */,
			);
			name = LaunchScreen.storyboard;
			sourceTree = "<group>";
		};
/* End PBXVariantGroup section */

/* Begin XCBuildConfiguration section */
		87463F2B292A1E140091485F /* Debug */ = {
			isa = XCBuildConfiguration;
			buildSettings = {
				ALWAYS_SEARCH_USER_PATHS = NO;
				CLANG_ANALYZER_NONNULL = YES;
				CLANG_ANALYZER_NUMBER_OBJECT_CONVERSION = YES_AGGRESSIVE;
				CLANG_CXX_LANGUAGE_STANDARD = "gnu++20";
				CLANG_ENABLE_MODULES = YES;
				CLANG_ENABLE_OBJC_ARC = YES;
				CLANG_ENABLE_OBJC_WEAK = YES;
				CLANG_WARN_BLOCK_CAPTURE_AUTORELEASING = YES;
				CLANG_WARN_BOOL_CONVERSION = YES;
				CLANG_WARN_COMMA = YES;
				CLANG_WARN_CONSTANT_CONVERSION = YES;
				CLANG_WARN_DEPRECATED_OBJC_IMPLEMENTATIONS = YES;
				CLANG_WARN_DIRECT_OBJC_ISA_USAGE = YES_ERROR;
				CLANG_WARN_DOCUMENTATION_COMMENTS = YES;
				CLANG_WARN_EMPTY_BODY = YES;
				CLANG_WARN_ENUM_CONVERSION = YES;
				CLANG_WARN_INFINITE_RECURSION = YES;
				CLANG_WARN_INT_CONVERSION = YES;
				CLANG_WARN_NON_LITERAL_NULL_CONVERSION = YES;
				CLANG_WARN_OBJC_IMPLICIT_RETAIN_SELF = YES;
				CLANG_WARN_OBJC_LITERAL_CONVERSION = YES;
				CLANG_WARN_OBJC_ROOT_CLASS = YES_ERROR;
				CLANG_WARN_QUOTED_INCLUDE_IN_FRAMEWORK_HEADER = YES;
				CLANG_WARN_RANGE_LOOP_ANALYSIS = YES;
				CLANG_WARN_STRICT_PROTOTYPES = YES;
				CLANG_WARN_SUSPICIOUS_MOVE = YES;
				CLANG_WARN_UNGUARDED_AVAILABILITY = YES_AGGRESSIVE;
				CLANG_WARN_UNREACHABLE_CODE = YES;
				CLANG_WARN__DUPLICATE_METHOD_MATCH = YES;
				COPY_PHASE_STRIP = NO;
				DEBUG_INFORMATION_FORMAT = dwarf;
				ENABLE_STRICT_OBJC_MSGSEND = YES;
				ENABLE_TESTABILITY = YES;
				GCC_C_LANGUAGE_STANDARD = gnu11;
				GCC_DYNAMIC_NO_PIC = NO;
				GCC_NO_COMMON_BLOCKS = YES;
				GCC_OPTIMIZATION_LEVEL = 0;
				GCC_PREPROCESSOR_DEFINITIONS = (
					"DEBUG=1",
					"$(inherited)",
				);
				GCC_WARN_64_TO_32_BIT_CONVERSION = YES;
				GCC_WARN_ABOUT_RETURN_TYPE = YES_ERROR;
				GCC_WARN_UNDECLARED_SELECTOR = YES;
				GCC_WARN_UNINITIALIZED_AUTOS = YES_AGGRESSIVE;
				GCC_WARN_UNUSED_FUNCTION = YES;
				GCC_WARN_UNUSED_VARIABLE = YES;
				IPHONEOS_DEPLOYMENT_TARGET = 13.0;
				MTL_ENABLE_DEBUG_INFO = INCLUDE_SOURCE;
				MTL_FAST_MATH = YES;
				ONLY_ACTIVE_ARCH = YES;
				SDKROOT = iphoneos;
				SWIFT_ACTIVE_COMPILATION_CONDITIONS = DEBUG;
				SWIFT_OPTIMIZATION_LEVEL = "-Onone";
			};
			name = Debug;
		};
		87463F2C292A1E140091485F /* Release */ = {
			isa = XCBuildConfiguration;
			buildSettings = {
				ALWAYS_SEARCH_USER_PATHS = NO;
				CLANG_ANALYZER_NONNULL = YES;
				CLANG_ANALYZER_NUMBER_OBJECT_CONVERSION = YES_AGGRESSIVE;
				CLANG_CXX_LANGUAGE_STANDARD = "gnu++20";
				CLANG_ENABLE_MODULES = YES;
				CLANG_ENABLE_OBJC_ARC = YES;
				CLANG_ENABLE_OBJC_WEAK = YES;
				CLANG_WARN_BLOCK_CAPTURE_AUTORELEASING = YES;
				CLANG_WARN_BOOL_CONVERSION = YES;
				CLANG_WARN_COMMA = YES;
				CLANG_WARN_CONSTANT_CONVERSION = YES;
				CLANG_WARN_DEPRECATED_OBJC_IMPLEMENTATIONS = YES;
				CLANG_WARN_DIRECT_OBJC_ISA_USAGE = YES_ERROR;
				CLANG_WARN_DOCUMENTATION_COMMENTS = YES;
				CLANG_WARN_EMPTY_BODY = YES;
				CLANG_WARN_ENUM_CONVERSION = YES;
				CLANG_WARN_INFINITE_RECURSION = YES;
				CLANG_WARN_INT_CONVERSION = YES;
				CLANG_WARN_NON_LITERAL_NULL_CONVERSION = YES;
				CLANG_WARN_OBJC_IMPLICIT_RETAIN_SELF = YES;
				CLANG_WARN_OBJC_LITERAL_CONVERSION = YES;
				CLANG_WARN_OBJC_ROOT_CLASS = YES_ERROR;
				CLANG_WARN_QUOTED_INCLUDE_IN_FRAMEWORK_HEADER = YES;
				CLANG_WARN_RANGE_LOOP_ANALYSIS = YES;
				CLANG_WARN_STRICT_PROTOTYPES = YES;
				CLANG_WARN_SUSPICIOUS_MOVE = YES;
				CLANG_WARN_UNGUARDED_AVAILABILITY = YES_AGGRESSIVE;
				CLANG_WARN_UNREACHABLE_CODE = YES;
				CLANG_WARN__DUPLICATE_METHOD_MATCH = YES;
				COPY_PHASE_STRIP = NO;
				DEBUG_INFORMATION_FORMAT = "dwarf-with-dsym";
				ENABLE_NS_ASSERTIONS = NO;
				ENABLE_STRICT_OBJC_MSGSEND = YES;
				GCC_C_LANGUAGE_STANDARD = gnu11;
				GCC_NO_COMMON_BLOCKS = YES;
				GCC_WARN_64_TO_32_BIT_CONVERSION = YES;
				GCC_WARN_ABOUT_RETURN_TYPE = YES_ERROR;
				GCC_WARN_UNDECLARED_SELECTOR = YES;
				GCC_WARN_UNINITIALIZED_AUTOS = YES_AGGRESSIVE;
				GCC_WARN_UNUSED_FUNCTION = YES;
				GCC_WARN_UNUSED_VARIABLE = YES;
				IPHONEOS_DEPLOYMENT_TARGET = 13.0;
				MTL_ENABLE_DEBUG_INFO = NO;
				MTL_FAST_MATH = YES;
				SDKROOT = iphoneos;
				SWIFT_COMPILATION_MODE = wholemodule;
				SWIFT_OPTIMIZATION_LEVEL = "-O";
				VALIDATE_PRODUCT = YES;
			};
			name = Release;
		};
		87463F2E292A1E140091485F /* Debug */ = {
			isa = XCBuildConfiguration;
			buildSettings = {
				ASSETCATALOG_COMPILER_APPICON_NAME = AppIcon;
				ASSETCATALOG_COMPILER_GLOBAL_ACCENT_COLOR_NAME = AccentColor;
				CODE_SIGN_STYLE = Automatic;
				CURRENT_PROJECT_VERSION = 1;
				GENERATE_INFOPLIST_FILE = YES;
				INFOPLIST_FILE = MoviesDemo/Info.plist;
				INFOPLIST_KEY_CFBundleDisplayName = Movies;
				INFOPLIST_KEY_LSApplicationCategoryType = "public.app-category.entertainment";
				INFOPLIST_KEY_UIApplicationSupportsIndirectInputEvents = YES;
				INFOPLIST_KEY_UILaunchStoryboardName = LaunchScreen;
				INFOPLIST_KEY_UIMainStoryboardFile = Main;
				INFOPLIST_KEY_UISupportedInterfaceOrientations = UIInterfaceOrientationPortrait;
				INFOPLIST_KEY_UISupportedInterfaceOrientations_iPad = "UIInterfaceOrientationLandscapeLeft UIInterfaceOrientationLandscapeRight UIInterfaceOrientationPortrait UIInterfaceOrientationPortraitUpsideDown";
				IPHONEOS_DEPLOYMENT_TARGET = 13.0;
				LD_RUNPATH_SEARCH_PATHS = (
					"$(inherited)",
					"@executable_path/Frameworks",
				);
				MARKETING_VERSION = 1.0;
				PRODUCT_BUNDLE_IDENTIFIER = com.pawan.MoviesDemo;
				PRODUCT_NAME = "$(TARGET_NAME)";
				SUPPORTED_PLATFORMS = "iphoneos iphonesimulator";
				SUPPORTS_MACCATALYST = NO;
				SUPPORTS_MAC_DESIGNED_FOR_IPHONE_IPAD = NO;
				SWIFT_EMIT_LOC_STRINGS = YES;
				SWIFT_VERSION = 5.0;
				TARGETED_DEVICE_FAMILY = 1;
			};
			name = Debug;
		};
		87463F2F292A1E140091485F /* Release */ = {
			isa = XCBuildConfiguration;
			buildSettings = {
				ASSETCATALOG_COMPILER_APPICON_NAME = AppIcon;
				ASSETCATALOG_COMPILER_GLOBAL_ACCENT_COLOR_NAME = AccentColor;
				CODE_SIGN_STYLE = Automatic;
				CURRENT_PROJECT_VERSION = 1;
				GENERATE_INFOPLIST_FILE = YES;
				INFOPLIST_FILE = MoviesDemo/Info.plist;
				INFOPLIST_KEY_CFBundleDisplayName = Movies;
				INFOPLIST_KEY_LSApplicationCategoryType = "public.app-category.entertainment";
				INFOPLIST_KEY_UIApplicationSupportsIndirectInputEvents = YES;
				INFOPLIST_KEY_UILaunchStoryboardName = LaunchScreen;
				INFOPLIST_KEY_UIMainStoryboardFile = Main;
				INFOPLIST_KEY_UISupportedInterfaceOrientations = UIInterfaceOrientationPortrait;
				INFOPLIST_KEY_UISupportedInterfaceOrientations_iPad = "UIInterfaceOrientationLandscapeLeft UIInterfaceOrientationLandscapeRight UIInterfaceOrientationPortrait UIInterfaceOrientationPortraitUpsideDown";
				IPHONEOS_DEPLOYMENT_TARGET = 13.0;
				LD_RUNPATH_SEARCH_PATHS = (
					"$(inherited)",
					"@executable_path/Frameworks",
				);
				MARKETING_VERSION = 1.0;
				PRODUCT_BUNDLE_IDENTIFIER = com.pawan.MoviesDemo;
				PRODUCT_NAME = "$(TARGET_NAME)";
				SUPPORTED_PLATFORMS = "iphoneos iphonesimulator";
				SUPPORTS_MACCATALYST = NO;
				SUPPORTS_MAC_DESIGNED_FOR_IPHONE_IPAD = NO;
				SWIFT_EMIT_LOC_STRINGS = YES;
				SWIFT_VERSION = 5.0;
				TARGETED_DEVICE_FAMILY = 1;
			};
			name = Release;
		};
		87463F31292A1E140091485F /* Debug */ = {
			isa = XCBuildConfiguration;
			buildSettings = {
				ALWAYS_EMBED_SWIFT_STANDARD_LIBRARIES = YES;
				BUNDLE_LOADER = "$(TEST_HOST)";
				CODE_SIGN_STYLE = Automatic;
				CURRENT_PROJECT_VERSION = 1;
				GENERATE_INFOPLIST_FILE = YES;
				IPHONEOS_DEPLOYMENT_TARGET = 13.0;
				MARKETING_VERSION = 1.0;
				PRODUCT_BUNDLE_IDENTIFIER = com.pawan.MoviesDemoTests;
				PRODUCT_NAME = "$(TARGET_NAME)";
				SUPPORTED_PLATFORMS = "iphoneos iphonesimulator";
				SUPPORTS_MACCATALYST = NO;
				SUPPORTS_MAC_DESIGNED_FOR_IPHONE_IPAD = NO;
				SWIFT_EMIT_LOC_STRINGS = NO;
				SWIFT_VERSION = 5.0;
				TARGETED_DEVICE_FAMILY = 1;
				TEST_HOST = "$(BUILT_PRODUCTS_DIR)/MoviesDemo.app/$(BUNDLE_EXECUTABLE_FOLDER_PATH)/MoviesDemo";
			};
			name = Debug;
		};
		87463F32292A1E140091485F /* Release */ = {
			isa = XCBuildConfiguration;
			buildSettings = {
				ALWAYS_EMBED_SWIFT_STANDARD_LIBRARIES = YES;
				BUNDLE_LOADER = "$(TEST_HOST)";
				CODE_SIGN_STYLE = Automatic;
				CURRENT_PROJECT_VERSION = 1;
				GENERATE_INFOPLIST_FILE = YES;
				IPHONEOS_DEPLOYMENT_TARGET = 13.0;
				MARKETING_VERSION = 1.0;
				PRODUCT_BUNDLE_IDENTIFIER = com.pawan.MoviesDemoTests;
				PRODUCT_NAME = "$(TARGET_NAME)";
				SUPPORTED_PLATFORMS = "iphoneos iphonesimulator";
				SUPPORTS_MACCATALYST = NO;
				SUPPORTS_MAC_DESIGNED_FOR_IPHONE_IPAD = NO;
				SWIFT_EMIT_LOC_STRINGS = NO;
				SWIFT_VERSION = 5.0;
				TARGETED_DEVICE_FAMILY = 1;
				TEST_HOST = "$(BUILT_PRODUCTS_DIR)/MoviesDemo.app/$(BUNDLE_EXECUTABLE_FOLDER_PATH)/MoviesDemo";
			};
			name = Release;
		};
		87463F34292A1E140091485F /* Debug */ = {
			isa = XCBuildConfiguration;
			buildSettings = {
				ALWAYS_EMBED_SWIFT_STANDARD_LIBRARIES = YES;
				CODE_SIGN_STYLE = Automatic;
				CURRENT_PROJECT_VERSION = 1;
				GENERATE_INFOPLIST_FILE = YES;
				MARKETING_VERSION = 1.0;
				PRODUCT_BUNDLE_IDENTIFIER = com.pawan.MoviesDemoUITests;
				PRODUCT_NAME = "$(TARGET_NAME)";
				SUPPORTED_PLATFORMS = "iphoneos iphonesimulator";
				SUPPORTS_MACCATALYST = NO;
				SUPPORTS_MAC_DESIGNED_FOR_IPHONE_IPAD = NO;
				SWIFT_EMIT_LOC_STRINGS = NO;
				SWIFT_VERSION = 5.0;
				TARGETED_DEVICE_FAMILY = 1;
				TEST_TARGET_NAME = MoviesDemo;
			};
			name = Debug;
		};
		87463F35292A1E140091485F /* Release */ = {
			isa = XCBuildConfiguration;
			buildSettings = {
				ALWAYS_EMBED_SWIFT_STANDARD_LIBRARIES = YES;
				CODE_SIGN_STYLE = Automatic;
				CURRENT_PROJECT_VERSION = 1;
				GENERATE_INFOPLIST_FILE = YES;
				MARKETING_VERSION = 1.0;
				PRODUCT_BUNDLE_IDENTIFIER = com.pawan.MoviesDemoUITests;
				PRODUCT_NAME = "$(TARGET_NAME)";
				SUPPORTED_PLATFORMS = "iphoneos iphonesimulator";
				SUPPORTS_MACCATALYST = NO;
				SUPPORTS_MAC_DESIGNED_FOR_IPHONE_IPAD = NO;
				SWIFT_EMIT_LOC_STRINGS = NO;
				SWIFT_VERSION = 5.0;
				TARGETED_DEVICE_FAMILY = 1;
				TEST_TARGET_NAME = MoviesDemo;
			};
			name = Release;
		};
/* End XCBuildConfiguration section */

/* Begin XCConfigurationList section */
		87463EFE292A1E130091485F /* Build configuration list for PBXProject "MoviesDemo" */ = {
			isa = XCConfigurationList;
			buildConfigurations = (
				87463F2B292A1E140091485F /* Debug */,
				87463F2C292A1E140091485F /* Release */,
			);
			defaultConfigurationIsVisible = 0;
			defaultConfigurationName = Release;
		};
		87463F2D292A1E140091485F /* Build configuration list for PBXNativeTarget "MoviesDemo" */ = {
			isa = XCConfigurationList;
			buildConfigurations = (
				87463F2E292A1E140091485F /* Debug */,
				87463F2F292A1E140091485F /* Release */,
			);
			defaultConfigurationIsVisible = 0;
			defaultConfigurationName = Release;
		};
		87463F30292A1E140091485F /* Build configuration list for PBXNativeTarget "MoviesDemoTests" */ = {
			isa = XCConfigurationList;
			buildConfigurations = (
				87463F31292A1E140091485F /* Debug */,
				87463F32292A1E140091485F /* Release */,
			);
			defaultConfigurationIsVisible = 0;
			defaultConfigurationName = Release;
		};
		87463F33292A1E140091485F /* Build configuration list for PBXNativeTarget "MoviesDemoUITests" */ = {
			isa = XCConfigurationList;
			buildConfigurations = (
				87463F34292A1E140091485F /* Debug */,
				87463F35292A1E140091485F /* Release */,
			);
			defaultConfigurationIsVisible = 0;
			defaultConfigurationName = Release;
		};
/* End XCConfigurationList section */
	};
	rootObject = 87463EFB292A1E130091485F /* Project object */;
}
